// !$*UTF8*$!
{
	archiveVersion = 1;
	classes = {
	};
	objectVersion = 50;
	objects = {

/* Begin PBXBuildFile section */
		67FF007B240121CC001D6C12 /* main.c in Sources */ = {isa = PBXBuildFile; fileRef = 67FF007A240121CC001D6C12 /* main.c */; };
		67FF0082240121D8001D6C12 /* libBearLibTerminal.dylib in Frameworks */ = {isa = PBXBuildFile; fileRef = 67FF0081240121D8001D6C12 /* libBearLibTerminal.dylib */; };
		67FF00872401271F001D6C12 /* water_scene.c in Sources */ = {isa = PBXBuildFile; fileRef = 67FF00862401271F001D6C12 /* water_scene.c */; };
		67FF0089240159DE001D6C12 /* maze.c in Sources */ = {isa = PBXBuildFile; fileRef = 67FF0088240159DE001D6C12 /* maze.c */; };
		67FF008D24015BFE001D6C12 /* maze_scene.c in Sources */ = {isa = PBXBuildFile; fileRef = 67FF008C24015BFE001D6C12 /* maze_scene.c */; };
		67FF0091240183FB001D6C12 /* attract_screen.c in Sources */ = {isa = PBXBuildFile; fileRef = 67FF0090240183FB001D6C12 /* attract_screen.c */; };
		67FF00942401887E001D6C12 /* store_scene.c in Sources */ = {isa = PBXBuildFile; fileRef = 67FF00932401887E001D6C12 /* store_scene.c */; };
		67FF0095240197AA001D6C12 /* Symbola613.ttf in CopyFiles */ = {isa = PBXBuildFile; fileRef = 67FF00842401222D001D6C12 /* Symbola613.ttf */; };
		67FF0096240197AE001D6C12 /* libBearLibTerminal.dylib in CopyFiles */ = {isa = PBXBuildFile; fileRef = 67FF0081240121D8001D6C12 /* libBearLibTerminal.dylib */; };
/* End PBXBuildFile section */

/* Begin PBXCopyFilesBuildPhase section */
		67FF0075240121CC001D6C12 /* CopyFiles */ = {
			isa = PBXCopyFilesBuildPhase;
			buildActionMask = 12;
			dstPath = "";
			dstSubfolderSpec = 16;
			files = (
				67FF0095240197AA001D6C12 /* Symbola613.ttf in CopyFiles */,
				67FF0096240197AE001D6C12 /* libBearLibTerminal.dylib in CopyFiles */,
			);
			runOnlyForDeploymentPostprocessing = 0;
		};
/* End PBXCopyFilesBuildPhase section */

/* Begin PBXFileReference section */
		67FF0077240121CC001D6C12 /* TreasureDiver */ = {isa = PBXFileReference; explicitFileType = "compiled.mach-o.executable"; includeInIndex = 0; path = TreasureDiver; sourceTree = BUILT_PRODUCTS_DIR; };
		67FF007A240121CC001D6C12 /* main.c */ = {isa = PBXFileReference; lastKnownFileType = sourcecode.c.c; path = main.c; sourceTree = "<group>"; };
		67FF0081240121D8001D6C12 /* libBearLibTerminal.dylib */ = {isa = PBXFileReference; lastKnownFileType = "compiled.mach-o.dylib"; path = libBearLibTerminal.dylib; sourceTree = "<group>"; };
		67FF008324012208001D6C12 /* BearLibTerminal.h */ = {isa = PBXFileReference; lastKnownFileType = sourcecode.c.h; path = BearLibTerminal.h; sourceTree = "<group>"; };
		67FF00842401222D001D6C12 /* Symbola613.ttf */ = {isa = PBXFileReference; lastKnownFileType = file; path = Symbola613.ttf; sourceTree = "<group>"; };
		67FF00852401271F001D6C12 /* water_scene.h */ = {isa = PBXFileReference; lastKnownFileType = sourcecode.c.h; path = water_scene.h; sourceTree = "<group>"; };
		67FF00862401271F001D6C12 /* water_scene.c */ = {isa = PBXFileReference; lastKnownFileType = sourcecode.c.c; path = water_scene.c; sourceTree = "<group>"; };
		67FF0088240159DE001D6C12 /* maze.c */ = {isa = PBXFileReference; fileEncoding = 4; lastKnownFileType = sourcecode.c.c; path = maze.c; sourceTree = "<group>"; };
		67FF008A24015A01001D6C12 /* maze.h */ = {isa = PBXFileReference; lastKnownFileType = sourcecode.c.h; path = maze.h; sourceTree = "<group>"; };
		67FF008B24015BFE001D6C12 /* maze_scene.h */ = {isa = PBXFileReference; lastKnownFileType = sourcecode.c.h; path = maze_scene.h; sourceTree = "<group>"; };
		67FF008C24015BFE001D6C12 /* maze_scene.c */ = {isa = PBXFileReference; lastKnownFileType = sourcecode.c.c; path = maze_scene.c; sourceTree = "<group>"; };
		67FF008E24015C16001D6C12 /* player_data.h */ = {isa = PBXFileReference; lastKnownFileType = sourcecode.c.h; path = player_data.h; sourceTree = "<group>"; };
		67FF008F240183FB001D6C12 /* attract_screen.h */ = {isa = PBXFileReference; lastKnownFileType = sourcecode.c.h; path = attract_screen.h; sourceTree = "<group>"; };
		67FF0090240183FB001D6C12 /* attract_screen.c */ = {isa = PBXFileReference; lastKnownFileType = sourcecode.c.c; path = attract_screen.c; sourceTree = "<group>"; };
		67FF00922401887E001D6C12 /* store_scene.h */ = {isa = PBXFileReference; lastKnownFileType = sourcecode.c.h; path = store_scene.h; sourceTree = "<group>"; };
		67FF00932401887E001D6C12 /* store_scene.c */ = {isa = PBXFileReference; lastKnownFileType = sourcecode.c.c; path = store_scene.c; sourceTree = "<group>"; };
/* End PBXFileReference section */

/* Begin PBXFrameworksBuildPhase section */
		67FF0074240121CC001D6C12 /* Frameworks */ = {
			isa = PBXFrameworksBuildPhase;
			buildActionMask = 2147483647;
			files = (
				67FF0082240121D8001D6C12 /* libBearLibTerminal.dylib in Frameworks */,
			);
			runOnlyForDeploymentPostprocessing = 0;
		};
/* End PBXFrameworksBuildPhase section */

/* Begin PBXGroup section */
		67FF006E240121CC001D6C12 = {
			isa = PBXGroup;
			children = (
				67FF0079240121CC001D6C12 /* TreasureDiver */,
				67FF0078240121CC001D6C12 /* Products */,
			);
			sourceTree = "<group>";
		};
		67FF0078240121CC001D6C12 /* Products */ = {
			isa = PBXGroup;
			children = (
				67FF0077240121CC001D6C12 /* TreasureDiver */,
			);
			name = Products;
			sourceTree = "<group>";
		};
		67FF0079240121CC001D6C12 /* TreasureDiver */ = {
			isa = PBXGroup;
			children = (
				67FF008324012208001D6C12 /* BearLibTerminal.h */,
				67FF0081240121D8001D6C12 /* libBearLibTerminal.dylib */,
				67FF00842401222D001D6C12 /* Symbola613.ttf */,
				67FF007A240121CC001D6C12 /* main.c */,
				67FF008F240183FB001D6C12 /* attract_screen.h */,
				67FF0090240183FB001D6C12 /* attract_screen.c */,
				67FF0088240159DE001D6C12 /* maze.c */,
				67FF008A24015A01001D6C12 /* maze.h */,
				67FF008B24015BFE001D6C12 /* maze_scene.h */,
				67FF008C24015BFE001D6C12 /* maze_scene.c */,
				67FF00922401887E001D6C12 /* store_scene.h */,
				67FF00932401887E001D6C12 /* store_scene.c */,
				67FF008E24015C16001D6C12 /* player_data.h */,
				67FF00852401271F001D6C12 /* water_scene.h */,
				67FF00862401271F001D6C12 /* water_scene.c */,
			);
			path = TreasureDiver;
			sourceTree = "<group>";
		};
/* End PBXGroup section */

/* Begin PBXNativeTarget section */
		67FF0076240121CC001D6C12 /* TreasureDiver */ = {
			isa = PBXNativeTarget;
			buildConfigurationList = 67FF007E240121CC001D6C12 /* Build configuration list for PBXNativeTarget "TreasureDiver" */;
			buildPhases = (
				67FF0073240121CC001D6C12 /* Sources */,
				67FF0074240121CC001D6C12 /* Frameworks */,
				67FF0075240121CC001D6C12 /* CopyFiles */,
			);
			buildRules = (
			);
			dependencies = (
			);
			name = TreasureDiver;
			productName = TreasureDiver;
			productReference = 67FF0077240121CC001D6C12 /* TreasureDiver */;
			productType = "com.apple.product-type.tool";
		};
/* End PBXNativeTarget section */

/* Begin PBXProject section */
		67FF006F240121CC001D6C12 /* Project object */ = {
			isa = PBXProject;
			attributes = {
				LastUpgradeCheck = 1020;
				ORGANIZATIONNAME = Finley;
				TargetAttributes = {
					67FF0076240121CC001D6C12 = {
						CreatedOnToolsVersion = 10.2.1;
					};
				};
			};
			buildConfigurationList = 67FF0072240121CC001D6C12 /* Build configuration list for PBXProject "TreasureDiver" */;
			compatibilityVersion = "Xcode 9.3";
			developmentRegion = en;
			hasScannedForEncodings = 0;
			knownRegions = (
				en,
			);
			mainGroup = 67FF006E240121CC001D6C12;
			productRefGroup = 67FF0078240121CC001D6C12 /* Products */;
			projectDirPath = "";
			projectRoot = "";
			targets = (
				67FF0076240121CC001D6C12 /* TreasureDiver */,
			);
		};
/* End PBXProject section */

/* Begin PBXSourcesBuildPhase section */
		67FF0073240121CC001D6C12 /* Sources */ = {
			isa = PBXSourcesBuildPhase;
			buildActionMask = 2147483647;
			files = (
				67FF00942401887E001D6C12 /* store_scene.c in Sources */,
				67FF007B240121CC001D6C12 /* main.c in Sources */,
				67FF0089240159DE001D6C12 /* maze.c in Sources */,
				67FF0091240183FB001D6C12 /* attract_screen.c in Sources */,
				67FF00872401271F001D6C12 /* water_scene.c in Sources */,
				67FF008D24015BFE001D6C12 /* maze_scene.c in Sources */,
			);
			runOnlyForDeploymentPostprocessing = 0;
		};
/* End PBXSourcesBuildPhase section */

/* Begin XCBuildConfiguration section */
		67FF007C240121CC001D6C12 /* Debug */ = {
			isa = XCBuildConfiguration;
			buildSettings = {
				ALWAYS_SEARCH_USER_PATHS = NO;
				CLANG_ANALYZER_NONNULL = YES;
				CLANG_ANALYZER_NUMBER_OBJECT_CONVERSION = YES_AGGRESSIVE;
				CLANG_CXX_LANGUAGE_STANDARD = "gnu++14";
				CLANG_CXX_LIBRARY = "libc++";
				CLANG_ENABLE_MODULES = YES;
				CLANG_ENABLE_OBJC_ARC = YES;
				CLANG_ENABLE_OBJC_WEAK = YES;
				CLANG_WARN_BLOCK_CAPTURE_AUTORELEASING = YES;
				CLANG_WARN_BOOL_CONVERSION = YES;
				CLANG_WARN_COMMA = YES;
				CLANG_WARN_CONSTANT_CONVERSION = YES;
				CLANG_WARN_DEPRECATED_OBJC_IMPLEMENTATIONS = YES;
				CLANG_WARN_DIRECT_OBJC_ISA_USAGE = YES_ERROR;
				CLANG_WARN_DOCUMENTATION_COMMENTS = YES;
				CLANG_WARN_EMPTY_BODY = YES;
				CLANG_WARN_ENUM_CONVERSION = YES;
				CLANG_WARN_INFINITE_RECURSION = YES;
				CLANG_WARN_INT_CONVERSION = YES;
				CLANG_WARN_NON_LITERAL_NULL_CONVERSION = YES;
				CLANG_WARN_OBJC_IMPLICIT_RETAIN_SELF = YES;
				CLANG_WARN_OBJC_LITERAL_CONVERSION = YES;
				CLANG_WARN_OBJC_ROOT_CLASS = YES_ERROR;
				CLANG_WARN_RANGE_LOOP_ANALYSIS = YES;
				CLANG_WARN_STRICT_PROTOTYPES = YES;
				CLANG_WARN_SUSPICIOUS_MOVE = YES;
				CLANG_WARN_UNGUARDED_AVAILABILITY = YES_AGGRESSIVE;
				CLANG_WARN_UNREACHABLE_CODE = YES;
				CLANG_WARN__DUPLICATE_METHOD_MATCH = YES;
				CODE_SIGN_IDENTITY = "Mac Developer";
				COPY_PHASE_STRIP = NO;
				DEBUG_INFORMATION_FORMAT = dwarf;
				ENABLE_STRICT_OBJC_MSGSEND = YES;
				ENABLE_TESTABILITY = YES;
				GCC_C_LANGUAGE_STANDARD = gnu11;
				GCC_DYNAMIC_NO_PIC = NO;
				GCC_NO_COMMON_BLOCKS = YES;
				GCC_OPTIMIZATION_LEVEL = 0;
				GCC_PREPROCESSOR_DEFINITIONS = (
					"DEBUG=1",
					"$(inherited)",
				);
				GCC_WARN_64_TO_32_BIT_CONVERSION = YES;
				GCC_WARN_ABOUT_RETURN_TYPE = YES_ERROR;
				GCC_WARN_UNDECLARED_SELECTOR = YES;
				GCC_WARN_UNINITIALIZED_AUTOS = YES_AGGRESSIVE;
				GCC_WARN_UNUSED_FUNCTION = YES;
				GCC_WARN_UNUSED_VARIABLE = YES;
				MACOSX_DEPLOYMENT_TARGET = 10.14;
				MTL_ENABLE_DEBUG_INFO = INCLUDE_SOURCE;
				MTL_FAST_MATH = YES;
				ONLY_ACTIVE_ARCH = YES;
				SDKROOT = macosx;
			};
			name = Debug;
		};
		67FF007D240121CC001D6C12 /* Release */ = {
			isa = XCBuildConfiguration;
			buildSettings = {
				ALWAYS_SEARCH_USER_PATHS = NO;
				CLANG_ANALYZER_NONNULL = YES;
				CLANG_ANALYZER_NUMBER_OBJECT_CONVERSION = YES_AGGRESSIVE;
				CLANG_CXX_LANGUAGE_STANDARD = "gnu++14";
				CLANG_CXX_LIBRARY = "libc++";
				CLANG_ENABLE_MODULES = YES;
				CLANG_ENABLE_OBJC_ARC = YES;
				CLANG_ENABLE_OBJC_WEAK = YES;
				CLANG_WARN_BLOCK_CAPTURE_AUTORELEASING = YES;
				CLANG_WARN_BOOL_CONVERSION = YES;
				CLANG_WARN_COMMA = YES;
				CLANG_WARN_CONSTANT_CONVERSION = YES;
				CLANG_WARN_DEPRECATED_OBJC_IMPLEMENTATIONS = YES;
				CLANG_WARN_DIRECT_OBJC_ISA_USAGE = YES_ERROR;
				CLANG_WARN_DOCUMENTATION_COMMENTS = YES;
				CLANG_WARN_EMPTY_BODY = YES;
				CLANG_WARN_ENUM_CONVERSION = YES;
				CLANG_WARN_INFINITE_RECURSION = YES;
				CLANG_WARN_INT_CONVERSION = YES;
				CLANG_WARN_NON_LITERAL_NULL_CONVERSION = YES;
				CLANG_WARN_OBJC_IMPLICIT_RETAIN_SELF = YES;
				CLANG_WARN_OBJC_LITERAL_CONVERSION = YES;
				CLANG_WARN_OBJC_ROOT_CLASS = YES_ERROR;
				CLANG_WARN_RANGE_LOOP_ANALYSIS = YES;
				CLANG_WARN_STRICT_PROTOTYPES = YES;
				CLANG_WARN_SUSPICIOUS_MOVE = YES;
				CLANG_WARN_UNGUARDED_AVAILABILITY = YES_AGGRESSIVE;
				CLANG_WARN_UNREACHABLE_CODE = YES;
				CLANG_WARN__DUPLICATE_METHOD_MATCH = YES;
				CODE_SIGN_IDENTITY = "Mac Developer";
				COPY_PHASE_STRIP = NO;
				DEBUG_INFORMATION_FORMAT = "dwarf-with-dsym";
				ENABLE_NS_ASSERTIONS = NO;
				ENABLE_STRICT_OBJC_MSGSEND = YES;
				GCC_C_LANGUAGE_STANDARD = gnu11;
				GCC_NO_COMMON_BLOCKS = YES;
				GCC_WARN_64_TO_32_BIT_CONVERSION = YES;
				GCC_WARN_ABOUT_RETURN_TYPE = YES_ERROR;
				GCC_WARN_UNDECLARED_SELECTOR = YES;
				GCC_WARN_UNINITIALIZED_AUTOS = YES_AGGRESSIVE;
				GCC_WARN_UNUSED_FUNCTION = YES;
				GCC_WARN_UNUSED_VARIABLE = YES;
				MACOSX_DEPLOYMENT_TARGET = 10.14;
				MTL_ENABLE_DEBUG_INFO = NO;
				MTL_FAST_MATH = YES;
				SDKROOT = macosx;
			};
			name = Release;
		};
		67FF007F240121CC001D6C12 /* Debug */ = {
			isa = XCBuildConfiguration;
			buildSettings = {
				CODE_SIGN_STYLE = Automatic;
				DEVELOPMENT_TEAM = VZU7FM94U9;
				LIBRARY_SEARCH_PATHS = (
					"$(inherited)",
					"$(PROJECT_DIR)/TreasureDiver",
				);
				PRODUCT_NAME = "$(TARGET_NAME)";
			};
			name = Debug;
		};
		67FF0080240121CC001D6C12 /* Release */ = {
			isa = XCBuildConfiguration;
			buildSettings = {
				CODE_SIGN_STYLE = Automatic;
				DEVELOPMENT_TEAM = VZU7FM94U9;
				LIBRARY_SEARCH_PATHS = (
					"$(inherited)",
					"$(PROJECT_DIR)/TreasureDiver",
				);
				PRODUCT_NAME = "$(TARGET_NAME)";
			};
			name = Release;
		};
/* End XCBuildConfiguration section */

/* Begin XCConfigurationList section */
		67FF0072240121CC001D6C12 /* Build configuration list for PBXProject "TreasureDiver" */ = {
			isa = XCConfigurationList;
			buildConfigurations = (
				67FF007C240121CC001D6C12 /* Debug */,
				67FF007D240121CC001D6C12 /* Release */,
			);
			defaultConfigurationIsVisible = 0;
			defaultConfigurationName = Release;
		};
		67FF007E240121CC001D6C12 /* Build configuration list for PBXNativeTarget "TreasureDiver" */ = {
			isa = XCConfigurationList;
			buildConfigurations = (
				67FF007F240121CC001D6C12 /* Debug */,
				67FF0080240121CC001D6C12 /* Release */,
			);
			defaultConfigurationIsVisible = 0;
			defaultConfigurationName = Release;
		};
/* End XCConfigurationList section */
	};
	rootObject = 67FF006F240121CC001D6C12 /* Project object */;
}
